
Microsoft Visual Studio Solution File, Format Version 12.00
# Visual Studio Version 17
VisualStudioVersion = 17.2.32616.157
MinimumVisualStudioVersion = 10.0.40219.1
Project("{9A19103F-16F7-4668-BE54-9A1E7A4F7556}") = "SkillBridge.CMS", "Skillbridge.CMS\SkillBridge.CMS.csproj", "{B845C892-1072-4583-9F91-2070E72E463E}"
EndProject
Project("{9A19103F-16F7-4668-BE54-9A1E7A4F7556}") = "SkillBridge.IntakeForm", "Skillbridge.IntakeForm\SkillBridge.IntakeForm.csproj", "{5355125A-CCF2-4CB7-9169-F68CB3468107}"
EndProject
Project("{9A19103F-16F7-4668-BE54-9A1E7A4F7556}") = "Taku.Core", "..\Taku.Core\Taku.Core.csproj", "{C2473371-D3EB-4517-A624-3F854E34E6FD}"
EndProject
Project("{9A19103F-16F7-4668-BE54-9A1E7A4F7556}") = "SkillBridge.Console", "SkillBridge.Console\SkillBridge.Console.csproj", "{08FF57C1-BFC2-4038-9572-A0F61CCC186F}"
EndProject
Project("{9A19103F-16F7-4668-BE54-9A1E7A4F7556}") = "SkillBridge.Business", "SkillBridge.Business\SkillBridge.Business.csproj", "{1C5483FB-5573-4E9F-87DD-8FB27672F99B}"
EndProject
Global
	GlobalSection(SolutionConfigurationPlatforms) = preSolution
		Debug|Any CPU = Debug|Any CPU
		Debug|x86 = Debug|x86
		Release|Any CPU = Release|Any CPU
		Release|x86 = Release|x86
	EndGlobalSection
	GlobalSection(ProjectConfigurationPlatforms) = postSolution
		{B845C892-1072-4583-9F91-2070E72E463E}.Debug|Any CPU.ActiveCfg = Debug|Any CPU
		{B845C892-1072-4583-9F91-2070E72E463E}.Debug|Any CPU.Build.0 = Debug|Any CPU
		{B845C892-1072-4583-9F91-2070E72E463E}.Debug|x86.ActiveCfg = Debug|x86
		{B845C892-1072-4583-9F91-2070E72E463E}.Debug|x86.Build.0 = Debug|x86
		{B845C892-1072-4583-9F91-2070E72E463E}.Release|Any CPU.ActiveCfg = Release|Any CPU
		{B845C892-1072-4583-9F91-2070E72E463E}.Release|Any CPU.Build.0 = Release|Any CPU
		{B845C892-1072-4583-9F91-2070E72E463E}.Release|x86.ActiveCfg = Release|x86
		{B845C892-1072-4583-9F91-2070E72E463E}.Release|x86.Build.0 = Release|x86
		{5355125A-CCF2-4CB7-9169-F68CB3468107}.Debug|Any CPU.ActiveCfg = Debug|Any CPU
		{5355125A-CCF2-4CB7-9169-F68CB3468107}.Debug|Any CPU.Build.0 = Debug|Any CPU
		{5355125A-CCF2-4CB7-9169-F68CB3468107}.Debug|x86.ActiveCfg = Debug|Any CPU
		{5355125A-CCF2-4CB7-9169-F68CB3468107}.Debug|x86.Build.0 = Debug|Any CPU
		{5355125A-CCF2-4CB7-9169-F68CB3468107}.Release|Any CPU.ActiveCfg = Release|Any CPU
		{5355125A-CCF2-4CB7-9169-F68CB3468107}.Release|Any CPU.Build.0 = Release|Any CPU
		{5355125A-CCF2-4CB7-9169-F68CB3468107}.Release|x86.ActiveCfg = Release|Any CPU
		{5355125A-CCF2-4CB7-9169-F68CB3468107}.Release|x86.Build.0 = Release|Any CPU
		{C2473371-D3EB-4517-A624-3F854E34E6FD}.Debug|Any CPU.ActiveCfg = Debug|Any CPU
		{C2473371-D3EB-4517-A624-3F854E34E6FD}.Debug|Any CPU.Build.0 = Debug|Any CPU
		{C2473371-D3EB-4517-A624-3F854E34E6FD}.Debug|x86.ActiveCfg = Debug|Any CPU
		{C2473371-D3EB-4517-A624-3F854E34E6FD}.Debug|x86.Build.0 = Debug|Any CPU
		{C2473371-D3EB-4517-A624-3F854E34E6FD}.Release|Any CPU.ActiveCfg = Release|Any CPU
		{C2473371-D3EB-4517-A624-3F854E34E6FD}.Release|Any CPU.Build.0 = Release|Any CPU
		{C2473371-D3EB-4517-A624-3F854E34E6FD}.Release|x86.ActiveCfg = Release|Any CPU
		{C2473371-D3EB-4517-A624-3F854E34E6FD}.Release|x86.Build.0 = Release|Any CPU
		{08FF57C1-BFC2-4038-9572-A0F61CCC186F}.Debug|Any CPU.ActiveCfg = Debug|Any CPU
		{08FF57C1-BFC2-4038-9572-A0F61CCC186F}.Debug|Any CPU.Build.0 = Debug|Any CPU
		{08FF57C1-BFC2-4038-9572-A0F61CCC186F}.Debug|x86.ActiveCfg = Debug|Any CPU
		{08FF57C1-BFC2-4038-9572-A0F61CCC186F}.Debug|x86.Build.0 = Debug|Any CPU
		{08FF57C1-BFC2-4038-9572-A0F61CCC186F}.Release|Any CPU.ActiveCfg = Release|Any CPU
		{08FF57C1-BFC2-4038-9572-A0F61CCC186F}.Release|Any CPU.Build.0 = Release|Any CPU
		{08FF57C1-BFC2-4038-9572-A0F61CCC186F}.Release|x86.ActiveCfg = Release|Any CPU
		{08FF57C1-BFC2-4038-9572-A0F61CCC186F}.Release|x86.Build.0 = Release|Any CPU
		{1C5483FB-5573-4E9F-87DD-8FB27672F99B}.Debug|Any CPU.ActiveCfg = Debug|Any CPU
		{1C5483FB-5573-4E9F-87DD-8FB27672F99B}.Debug|Any CPU.Build.0 = Debug|Any CPU
		{1C5483FB-5573-4E9F-87DD-8FB27672F99B}.Debug|x86.ActiveCfg = Debug|Any CPU
		{1C5483FB-5573-4E9F-87DD-8FB27672F99B}.Debug|x86.Build.0 = Debug|Any CPU
		{1C5483FB-5573-4E9F-87DD-8FB27672F99B}.Release|Any CPU.ActiveCfg = Release|Any CPU
		{1C5483FB-5573-4E9F-87DD-8FB27672F99B}.Release|Any CPU.Build.0 = Release|Any CPU
		{1C5483FB-5573-4E9F-87DD-8FB27672F99B}.Release|x86.ActiveCfg = Release|Any CPU
		{1C5483FB-5573-4E9F-87DD-8FB27672F99B}.Release|x86.Build.0 = Release|Any CPU
	EndGlobalSection
	GlobalSection(SolutionProperties) = preSolution
		HideSolutionNode = FALSE
	EndGlobalSection
	GlobalSection(ExtensibilityGlobals) = postSolution
		SolutionGuid = {6161F50A-6A29-4F18-AC98-1A20C2D86F0F}
	EndGlobalSection
EndGlobal
